
Microsoft Visual Studio Solution File, Format Version 12.00
# Visual Studio Version 16
VisualStudioVersion = 16.0.30114.105
MinimumVisualStudioVersion = 10.0.40219.1
Project("{2150E333-8FDC-42A3-9474-1A3956D46DE8}") = "Apis", "Apis", "{AD2DD7B0-C6CC-4438-AABD-676A13FAFC73}"
EndProject
Project("{2150E333-8FDC-42A3-9474-1A3956D46DE8}") = "Common", "Common", "{9A6FE241-F862-4612-AB72-6EAF56110AE7}"
EndProject
Project("{2150E333-8FDC-42A3-9474-1A3956D46DE8}") = "Services", "Services", "{36570363-0F76-477C-B735-183DD80AB3C5}"
EndProject
Project("{FAE04EC0-301F-11D3-BF4B-00C04F79EFBC}") = "UnitPlanner.Common.Authentication", "Common\Authentication\UnitPlanner.Common.Authentication.csproj", "{4D3BDBEE-D107-4A84-BE83-622A88C126BA}"
EndProject
Project("{FAE04EC0-301F-11D3-BF4B-00C04F79EFBC}") = "UnitPlanner.Apis.Main.Tests", "Apis\Main.Tests\UnitPlanner.Apis.Main.Tests.csproj", "{22938586-131E-4B7D-9F4A-9FC05543F6EA}"
EndProject
Project("{FAE04EC0-301F-11D3-BF4B-00C04F79EFBC}") = "UnitPlanner.Apis.Main.IntegrationTests", "Apis\Main.IntegrationTests\UnitPlanner.Apis.Main.IntegrationTests.csproj", "{1A029105-A004-4403-8908-C148231C29ED}"
EndProject
Project("{2150E333-8FDC-42A3-9474-1A3956D46DE8}") = "Tests", "Tests", "{146B15A3-A20A-49F6-A91D-0805392196F7}"
EndProject
Project("{FAE04EC0-301F-11D3-BF4B-00C04F79EFBC}") = "UnitPlanner.Tests.Utils", "Tests\Utils\UnitPlanner.Tests.Utils.csproj", "{1EDC04D0-CD94-45B2-8A48-59E88F024542}"
EndProject
Project("{2150E333-8FDC-42A3-9474-1A3956D46DE8}") = "HostConfiguration", "HostConfiguration", "{EB7BD9C1-65E1-4BCF-A5E1-56373B11B81E}"
EndProject
Project("{F2A71F9B-5D33-465A-A702-920D77279786}") = "UnitPlanner.Services.HostConfiguration.Service", "Services\HostConfiguration\HostConfiguration.Service\UnitPlanner.Services.HostConfiguration.Service.fsproj", "{C82A3E75-407B-454E-94B0-B8D5B6EBAF72}"
EndProject
Project("{FAE04EC0-301F-11D3-BF4B-00C04F79EFBC}") = "UnitPlanner.Services.HostConfiguration.Grpc", "Services\HostConfiguration\HostConfiguration.Grpc\UnitPlanner.Services.HostConfiguration.Grpc.csproj", "{82F1FB0D-59C2-4084-9150-431B79C495AB}"
EndProject
Project("{2150E333-8FDC-42A3-9474-1A3956D46DE8}") = "Authentication", "Authentication", "{A1587A36-6F9B-496C-A15B-1FFCEF762ADA}"
EndProject
Project("{FAE04EC0-301F-11D3-BF4B-00C04F79EFBC}") = "UnitPlanner.Services.Authentication.Grpc", "Services\Authentication\Authentication.Grpc\UnitPlanner.Services.Authentication.Grpc.csproj", "{50978E9E-792E-4E3C-AA16-3B815B7626FA}"
EndProject
Project("{FAE04EC0-301F-11D3-BF4B-00C04F79EFBC}") = "UnitPlanner.Services.Authentication.Tests", "Services\Authentication\Authentication.Tests\UnitPlanner.Services.Authentication.Tests.csproj", "{2A819ADC-2341-4E9B-BC9D-5D01885EB3A3}"
EndProject
Project("{2150E333-8FDC-42A3-9474-1A3956D46DE8}") = "Capwatch", "Capwatch", "{5199564C-48B5-4AAE-91C5-441B8E754163}"
EndProject
Project("{FAE04EC0-301F-11D3-BF4B-00C04F79EFBC}") = "UnitPlanner.Services.Capwatch.Grpc", "Services\Capwatch\Capwatch.Grpc\UnitPlanner.Services.Capwatch.Grpc.csproj", "{3C17190B-16E7-4AB0-8A9E-A4C691B21FA0}"
EndProject
Project("{FAE04EC0-301F-11D3-BF4B-00C04F79EFBC}") = "UnitPlanner.Services.Capwatch.Tests", "Services\Capwatch\Capwatch.Tests\UnitPlanner.Services.Capwatch.Tests.csproj", "{EA663AC6-868D-4347-A3E9-3861B7EC380C}"
EndProject
Project("{2150E333-8FDC-42A3-9474-1A3956D46DE8}") = "Files", "Files", "{E2A8363D-A137-4742-A391-14C44AF0D881}"
EndProject
Project("{FAE04EC0-301F-11D3-BF4B-00C04F79EFBC}") = "UnitPlanner.Services.Files.Grpc", "Services\Files\Files.Grpc\UnitPlanner.Services.Files.Grpc.csproj", "{09055FB8-7E76-4D9D-9CC5-AF452AFF05F7}"
EndProject
Project("{FAE04EC0-301F-11D3-BF4B-00C04F79EFBC}") = "UnitPlanner.Services.Files.Tests", "Services\Files\Files.Tests\UnitPlanner.Services.Files.Tests.csproj", "{0DB8A964-A102-4080-BF76-54679C0A34EB}"
EndProject
Project("{2150E333-8FDC-42A3-9474-1A3956D46DE8}") = "Graph", "Graph", "{789DC504-EBA1-4C9C-A6E5-F613AB428494}"
EndProject
Project("{FAE04EC0-301F-11D3-BF4B-00C04F79EFBC}") = "UnitPlanner.Services.Graph.Grpc", "Services\Graph\Graph.Grpc\UnitPlanner.Services.Graph.Grpc.csproj", "{38200B9A-A698-44A3-A070-853467E3684F}"
EndProject
Project("{FAE04EC0-301F-11D3-BF4B-00C04F79EFBC}") = "UnitPlanner.Services.Graph.Tests", "Services\Graph\Graph.Tests\UnitPlanner.Services.Graph.Tests.csproj", "{62045165-B102-4DE3-A7B0-BE19C28A5DCE}"
EndProject
Project("{FAE04EC0-301F-11D3-BF4B-00C04F79EFBC}") = "UnitPlanner.Services.HostConfiguration.Tests", "Services\HostConfiguration\HostConfiguration.Tests\UnitPlanner.Services.HostConfiguration.Tests.csproj", "{B88F8A1B-6A16-4071-A90F-E283306FC2EE}"
EndProject
Project("{F2A71F9B-5D33-465A-A702-920D77279786}") = "UnitPlanner.Services.Authentication.Service", "Services\Authentication\Authentication.Service\UnitPlanner.Services.Authentication.Service.fsproj", "{58F243A8-3803-475E-95D0-C8DCBCF85A54}"
EndProject
Project("{F2A71F9B-5D33-465A-A702-920D77279786}") = "UnitPlanner.Services.Capwatch.Service", "Services\Capwatch\Capwatch.Service\UnitPlanner.Services.Capwatch.Service.fsproj", "{7E950919-4393-4287-8A39-A3E02CEE2132}"
EndProject
Project("{F2A71F9B-5D33-465A-A702-920D77279786}") = "UnitPlanner.Services.Files.Service", "Services\Files\Files.Service\UnitPlanner.Services.Files.Service.fsproj", "{82A6A084-2B3E-43D0-A4C9-814646F64605}"
EndProject
Project("{F2A71F9B-5D33-465A-A702-920D77279786}") = "UnitPlanner.Services.Graph.Service", "Services\Graph\Graph.Service\UnitPlanner.Services.Graph.Service.fsproj", "{220EF511-F8D2-446D-AE36-209A48732FC6}"
EndProject
Project("{F2A71F9B-5D33-465A-A702-920D77279786}") = "UnitPlanner.Apis.Main", "Apis\Main\UnitPlanner.Apis.Main.fsproj", "{E72E1FDF-34F9-4A2B-B44F-6851573DB75F}"
EndProject
Project("{FAE04EC0-301F-11D3-BF4B-00C04F79EFBC}") = "UnitPlanner.Apis.Main.Grpc", "Apis\Main.Grpc\UnitPlanner.Apis.Main.Grpc.csproj", "{44882CF0-529C-43BB-A3CF-01A186067316}"
EndProject
Project("{F2A71F9B-5D33-465A-A702-920D77279786}") = "UnitPlanner.Common.Util", "Common\Util\UnitPlanner.Common.Util.fsproj", "{F7E0422B-6B0B-429B-9974-63F98E20EDF3}"
EndProject
Global
	GlobalSection(SolutionConfigurationPlatforms) = preSolution
		Debug|Any CPU = Debug|Any CPU
		Release|Any CPU = Release|Any CPU
	EndGlobalSection
	GlobalSection(SolutionProperties) = preSolution
		HideSolutionNode = FALSE
	EndGlobalSection
	GlobalSection(ProjectConfigurationPlatforms) = postSolution
		{4D3BDBEE-D107-4A84-BE83-622A88C126BA}.Debug|Any CPU.ActiveCfg = Debug|Any CPU
		{4D3BDBEE-D107-4A84-BE83-622A88C126BA}.Debug|Any CPU.Build.0 = Debug|Any CPU
		{4D3BDBEE-D107-4A84-BE83-622A88C126BA}.Release|Any CPU.ActiveCfg = Release|Any CPU
		{4D3BDBEE-D107-4A84-BE83-622A88C126BA}.Release|Any CPU.Build.0 = Release|Any CPU
		{22938586-131E-4B7D-9F4A-9FC05543F6EA}.Debug|Any CPU.ActiveCfg = Debug|Any CPU
		{22938586-131E-4B7D-9F4A-9FC05543F6EA}.Debug|Any CPU.Build.0 = Debug|Any CPU
		{22938586-131E-4B7D-9F4A-9FC05543F6EA}.Release|Any CPU.ActiveCfg = Release|Any CPU
		{22938586-131E-4B7D-9F4A-9FC05543F6EA}.Release|Any CPU.Build.0 = Release|Any CPU
		{1A029105-A004-4403-8908-C148231C29ED}.Debug|Any CPU.ActiveCfg = Debug|Any CPU
		{1A029105-A004-4403-8908-C148231C29ED}.Debug|Any CPU.Build.0 = Debug|Any CPU
		{1A029105-A004-4403-8908-C148231C29ED}.Release|Any CPU.ActiveCfg = Release|Any CPU
		{1A029105-A004-4403-8908-C148231C29ED}.Release|Any CPU.Build.0 = Release|Any CPU
		{1EDC04D0-CD94-45B2-8A48-59E88F024542}.Debug|Any CPU.ActiveCfg = Debug|Any CPU
		{1EDC04D0-CD94-45B2-8A48-59E88F024542}.Debug|Any CPU.Build.0 = Debug|Any CPU
		{1EDC04D0-CD94-45B2-8A48-59E88F024542}.Release|Any CPU.ActiveCfg = Release|Any CPU
		{1EDC04D0-CD94-45B2-8A48-59E88F024542}.Release|Any CPU.Build.0 = Release|Any CPU
		{C82A3E75-407B-454E-94B0-B8D5B6EBAF72}.Debug|Any CPU.ActiveCfg = Debug|Any CPU
		{C82A3E75-407B-454E-94B0-B8D5B6EBAF72}.Debug|Any CPU.Build.0 = Debug|Any CPU
		{C82A3E75-407B-454E-94B0-B8D5B6EBAF72}.Release|Any CPU.ActiveCfg = Release|Any CPU
		{C82A3E75-407B-454E-94B0-B8D5B6EBAF72}.Release|Any CPU.Build.0 = Release|Any CPU
		{82F1FB0D-59C2-4084-9150-431B79C495AB}.Debug|Any CPU.ActiveCfg = Debug|Any CPU
		{82F1FB0D-59C2-4084-9150-431B79C495AB}.Debug|Any CPU.Build.0 = Debug|Any CPU
		{82F1FB0D-59C2-4084-9150-431B79C495AB}.Release|Any CPU.ActiveCfg = Release|Any CPU
		{82F1FB0D-59C2-4084-9150-431B79C495AB}.Release|Any CPU.Build.0 = Release|Any CPU
		{50978E9E-792E-4E3C-AA16-3B815B7626FA}.Debug|Any CPU.ActiveCfg = Debug|Any CPU
		{50978E9E-792E-4E3C-AA16-3B815B7626FA}.Debug|Any CPU.Build.0 = Debug|Any CPU
		{50978E9E-792E-4E3C-AA16-3B815B7626FA}.Release|Any CPU.ActiveCfg = Release|Any CPU
		{50978E9E-792E-4E3C-AA16-3B815B7626FA}.Release|Any CPU.Build.0 = Release|Any CPU
		{2A819ADC-2341-4E9B-BC9D-5D01885EB3A3}.Debug|Any CPU.ActiveCfg = Debug|Any CPU
		{2A819ADC-2341-4E9B-BC9D-5D01885EB3A3}.Debug|Any CPU.Build.0 = Debug|Any CPU
		{2A819ADC-2341-4E9B-BC9D-5D01885EB3A3}.Release|Any CPU.ActiveCfg = Release|Any CPU
		{2A819ADC-2341-4E9B-BC9D-5D01885EB3A3}.Release|Any CPU.Build.0 = Release|Any CPU
		{3C17190B-16E7-4AB0-8A9E-A4C691B21FA0}.Debug|Any CPU.ActiveCfg = Debug|Any CPU
		{3C17190B-16E7-4AB0-8A9E-A4C691B21FA0}.Debug|Any CPU.Build.0 = Debug|Any CPU
		{3C17190B-16E7-4AB0-8A9E-A4C691B21FA0}.Release|Any CPU.ActiveCfg = Release|Any CPU
		{3C17190B-16E7-4AB0-8A9E-A4C691B21FA0}.Release|Any CPU.Build.0 = Release|Any CPU
		{EA663AC6-868D-4347-A3E9-3861B7EC380C}.Debug|Any CPU.ActiveCfg = Debug|Any CPU
		{EA663AC6-868D-4347-A3E9-3861B7EC380C}.Debug|Any CPU.Build.0 = Debug|Any CPU
		{EA663AC6-868D-4347-A3E9-3861B7EC380C}.Release|Any CPU.ActiveCfg = Release|Any CPU
		{EA663AC6-868D-4347-A3E9-3861B7EC380C}.Release|Any CPU.Build.0 = Release|Any CPU
		{09055FB8-7E76-4D9D-9CC5-AF452AFF05F7}.Debug|Any CPU.ActiveCfg = Debug|Any CPU
		{09055FB8-7E76-4D9D-9CC5-AF452AFF05F7}.Debug|Any CPU.Build.0 = Debug|Any CPU
		{09055FB8-7E76-4D9D-9CC5-AF452AFF05F7}.Release|Any CPU.ActiveCfg = Release|Any CPU
		{09055FB8-7E76-4D9D-9CC5-AF452AFF05F7}.Release|Any CPU.Build.0 = Release|Any CPU
		{0DB8A964-A102-4080-BF76-54679C0A34EB}.Debug|Any CPU.ActiveCfg = Debug|Any CPU
		{0DB8A964-A102-4080-BF76-54679C0A34EB}.Debug|Any CPU.Build.0 = Debug|Any CPU
		{0DB8A964-A102-4080-BF76-54679C0A34EB}.Release|Any CPU.ActiveCfg = Release|Any CPU
		{0DB8A964-A102-4080-BF76-54679C0A34EB}.Release|Any CPU.Build.0 = Release|Any CPU
		{38200B9A-A698-44A3-A070-853467E3684F}.Debug|Any CPU.ActiveCfg = Debug|Any CPU
		{38200B9A-A698-44A3-A070-853467E3684F}.Debug|Any CPU.Build.0 = Debug|Any CPU
		{38200B9A-A698-44A3-A070-853467E3684F}.Release|Any CPU.ActiveCfg = Release|Any CPU
		{38200B9A-A698-44A3-A070-853467E3684F}.Release|Any CPU.Build.0 = Release|Any CPU
		{62045165-B102-4DE3-A7B0-BE19C28A5DCE}.Debug|Any CPU.ActiveCfg = Debug|Any CPU
		{62045165-B102-4DE3-A7B0-BE19C28A5DCE}.Debug|Any CPU.Build.0 = Debug|Any CPU
		{62045165-B102-4DE3-A7B0-BE19C28A5DCE}.Release|Any CPU.ActiveCfg = Release|Any CPU
		{62045165-B102-4DE3-A7B0-BE19C28A5DCE}.Release|Any CPU.Build.0 = Release|Any CPU
		{B88F8A1B-6A16-4071-A90F-E283306FC2EE}.Debug|Any CPU.ActiveCfg = Debug|Any CPU
		{B88F8A1B-6A16-4071-A90F-E283306FC2EE}.Debug|Any CPU.Build.0 = Debug|Any CPU
		{B88F8A1B-6A16-4071-A90F-E283306FC2EE}.Release|Any CPU.ActiveCfg = Release|Any CPU
		{B88F8A1B-6A16-4071-A90F-E283306FC2EE}.Release|Any CPU.Build.0 = Release|Any CPU
		{58F243A8-3803-475E-95D0-C8DCBCF85A54}.Debug|Any CPU.ActiveCfg = Debug|Any CPU
		{58F243A8-3803-475E-95D0-C8DCBCF85A54}.Debug|Any CPU.Build.0 = Debug|Any CPU
		{58F243A8-3803-475E-95D0-C8DCBCF85A54}.Release|Any CPU.ActiveCfg = Release|Any CPU
		{58F243A8-3803-475E-95D0-C8DCBCF85A54}.Release|Any CPU.Build.0 = Release|Any CPU
		{7E950919-4393-4287-8A39-A3E02CEE2132}.Debug|Any CPU.ActiveCfg = Debug|Any CPU
		{7E950919-4393-4287-8A39-A3E02CEE2132}.Debug|Any CPU.Build.0 = Debug|Any CPU
		{7E950919-4393-4287-8A39-A3E02CEE2132}.Release|Any CPU.ActiveCfg = Release|Any CPU
		{7E950919-4393-4287-8A39-A3E02CEE2132}.Release|Any CPU.Build.0 = Release|Any CPU
		{82A6A084-2B3E-43D0-A4C9-814646F64605}.Debug|Any CPU.ActiveCfg = Debug|Any CPU
		{82A6A084-2B3E-43D0-A4C9-814646F64605}.Debug|Any CPU.Build.0 = Debug|Any CPU
		{82A6A084-2B3E-43D0-A4C9-814646F64605}.Release|Any CPU.ActiveCfg = Release|Any CPU
		{82A6A084-2B3E-43D0-A4C9-814646F64605}.Release|Any CPU.Build.0 = Release|Any CPU
		{220EF511-F8D2-446D-AE36-209A48732FC6}.Debug|Any CPU.ActiveCfg = Debug|Any CPU
		{220EF511-F8D2-446D-AE36-209A48732FC6}.Debug|Any CPU.Build.0 = Debug|Any CPU
		{220EF511-F8D2-446D-AE36-209A48732FC6}.Release|Any CPU.ActiveCfg = Release|Any CPU
		{220EF511-F8D2-446D-AE36-209A48732FC6}.Release|Any CPU.Build.0 = Release|Any CPU
		{E72E1FDF-34F9-4A2B-B44F-6851573DB75F}.Debug|Any CPU.ActiveCfg = Debug|Any CPU
		{E72E1FDF-34F9-4A2B-B44F-6851573DB75F}.Debug|Any CPU.Build.0 = Debug|Any CPU
		{E72E1FDF-34F9-4A2B-B44F-6851573DB75F}.Release|Any CPU.ActiveCfg = Release|Any CPU
		{E72E1FDF-34F9-4A2B-B44F-6851573DB75F}.Release|Any CPU.Build.0 = Release|Any CPU
		{44882CF0-529C-43BB-A3CF-01A186067316}.Debug|Any CPU.ActiveCfg = Debug|Any CPU
		{44882CF0-529C-43BB-A3CF-01A186067316}.Debug|Any CPU.Build.0 = Debug|Any CPU
		{44882CF0-529C-43BB-A3CF-01A186067316}.Release|Any CPU.ActiveCfg = Release|Any CPU
		{44882CF0-529C-43BB-A3CF-01A186067316}.Release|Any CPU.Build.0 = Release|Any CPU
		{F7E0422B-6B0B-429B-9974-63F98E20EDF3}.Debug|Any CPU.ActiveCfg = Debug|Any CPU
		{F7E0422B-6B0B-429B-9974-63F98E20EDF3}.Debug|Any CPU.Build.0 = Debug|Any CPU
		{F7E0422B-6B0B-429B-9974-63F98E20EDF3}.Release|Any CPU.ActiveCfg = Release|Any CPU
		{F7E0422B-6B0B-429B-9974-63F98E20EDF3}.Release|Any CPU.Build.0 = Release|Any CPU
	EndGlobalSection
	GlobalSection(NestedProjects) = preSolution
		{4D3BDBEE-D107-4A84-BE83-622A88C126BA} = {9A6FE241-F862-4612-AB72-6EAF56110AE7}
		{22938586-131E-4B7D-9F4A-9FC05543F6EA} = {AD2DD7B0-C6CC-4438-AABD-676A13FAFC73}
		{1A029105-A004-4403-8908-C148231C29ED} = {AD2DD7B0-C6CC-4438-AABD-676A13FAFC73}
		{1EDC04D0-CD94-45B2-8A48-59E88F024542} = {146B15A3-A20A-49F6-A91D-0805392196F7}
		{EB7BD9C1-65E1-4BCF-A5E1-56373B11B81E} = {36570363-0F76-477C-B735-183DD80AB3C5}
		{C82A3E75-407B-454E-94B0-B8D5B6EBAF72} = {EB7BD9C1-65E1-4BCF-A5E1-56373B11B81E}
		{82F1FB0D-59C2-4084-9150-431B79C495AB} = {EB7BD9C1-65E1-4BCF-A5E1-56373B11B81E}
		{A1587A36-6F9B-496C-A15B-1FFCEF762ADA} = {36570363-0F76-477C-B735-183DD80AB3C5}
		{50978E9E-792E-4E3C-AA16-3B815B7626FA} = {A1587A36-6F9B-496C-A15B-1FFCEF762ADA}
		{2A819ADC-2341-4E9B-BC9D-5D01885EB3A3} = {A1587A36-6F9B-496C-A15B-1FFCEF762ADA}
		{5199564C-48B5-4AAE-91C5-441B8E754163} = {36570363-0F76-477C-B735-183DD80AB3C5}
		{3C17190B-16E7-4AB0-8A9E-A4C691B21FA0} = {5199564C-48B5-4AAE-91C5-441B8E754163}
		{EA663AC6-868D-4347-A3E9-3861B7EC380C} = {5199564C-48B5-4AAE-91C5-441B8E754163}
		{E2A8363D-A137-4742-A391-14C44AF0D881} = {36570363-0F76-477C-B735-183DD80AB3C5}
		{09055FB8-7E76-4D9D-9CC5-AF452AFF05F7} = {E2A8363D-A137-4742-A391-14C44AF0D881}
		{0DB8A964-A102-4080-BF76-54679C0A34EB} = {E2A8363D-A137-4742-A391-14C44AF0D881}
		{789DC504-EBA1-4C9C-A6E5-F613AB428494} = {36570363-0F76-477C-B735-183DD80AB3C5}
		{38200B9A-A698-44A3-A070-853467E3684F} = {789DC504-EBA1-4C9C-A6E5-F613AB428494}
		{62045165-B102-4DE3-A7B0-BE19C28A5DCE} = {789DC504-EBA1-4C9C-A6E5-F613AB428494}
		{B88F8A1B-6A16-4071-A90F-E283306FC2EE} = {EB7BD9C1-65E1-4BCF-A5E1-56373B11B81E}
		{58F243A8-3803-475E-95D0-C8DCBCF85A54} = {A1587A36-6F9B-496C-A15B-1FFCEF762ADA}
		{7E950919-4393-4287-8A39-A3E02CEE2132} = {5199564C-48B5-4AAE-91C5-441B8E754163}
		{82A6A084-2B3E-43D0-A4C9-814646F64605} = {E2A8363D-A137-4742-A391-14C44AF0D881}
		{220EF511-F8D2-446D-AE36-209A48732FC6} = {789DC504-EBA1-4C9C-A6E5-F613AB428494}
		{E72E1FDF-34F9-4A2B-B44F-6851573DB75F} = {AD2DD7B0-C6CC-4438-AABD-676A13FAFC73}
		{44882CF0-529C-43BB-A3CF-01A186067316} = {AD2DD7B0-C6CC-4438-AABD-676A13FAFC73}
		{F7E0422B-6B0B-429B-9974-63F98E20EDF3} = {9A6FE241-F862-4612-AB72-6EAF56110AE7}
	EndGlobalSection
EndGlobal
