
Microsoft Visual Studio Solution File, Format Version 12.00
# Visual Studio Version 16
VisualStudioVersion = 16.0.30114.105
MinimumVisualStudioVersion = 10.0.40219.1
Project("{2150E333-8FDC-42A3-9474-1A3956D46DE8}") = "Apis", "Apis", "{AD2DD7B0-C6CC-4438-AABD-676A13FAFC73}"
EndProject
Project("{FAE04EC0-301F-11D3-BF4B-00C04F79EFBC}") = "UnitPlanner.Apis.Main", "Apis\Main\UnitPlanner.Apis.Main.csproj", "{3771447D-EE9E-4F58-A252-03BD49792C6C}"
EndProject
Project("{2150E333-8FDC-42A3-9474-1A3956D46DE8}") = "Common", "Common", "{9A6FE241-F862-4612-AB72-6EAF56110AE7}"
EndProject
Project("{2150E333-8FDC-42A3-9474-1A3956D46DE8}") = "Services", "Services", "{36570363-0F76-477C-B735-183DD80AB3C5}"
EndProject
Project("{FAE04EC0-301F-11D3-BF4B-00C04F79EFBC}") = "UnitPlanner.Services.Capwatch", "Services\Capwatch\UnitPlanner.Services.Capwatch.csproj", "{63BB3D39-DEE2-4241-BD4E-CE7CCC9F7F11}"
EndProject
Project("{FAE04EC0-301F-11D3-BF4B-00C04F79EFBC}") = "UnitPlanner.Services.Files", "Services\Files\UnitPlanner.Services.Files.csproj", "{23EF0BAE-B10C-45CA-9EE6-A94A103C19AD}"
EndProject
Project("{FAE04EC0-301F-11D3-BF4B-00C04F79EFBC}") = "UnitPlanner.Services.Graph", "Services\Graph\UnitPlanner.Services.Graph.csproj", "{CFB3A6BE-E7F7-4CE4-B498-9A4F5EA61B5D}"
EndProject
Project("{FAE04EC0-301F-11D3-BF4B-00C04F79EFBC}") = "UnitPlanner.Services.Authentication", "Services\Authentication\UnitPlanner.Services.Authentication.csproj", "{519B974C-65A8-436A-A5D8-F57C9E0D4B26}"
EndProject
Project("{FAE04EC0-301F-11D3-BF4B-00C04F79EFBC}") = "UnitPlanner.Common.Authentication", "Common\Authentication\UnitPlanner.Common.Authentication.csproj", "{4D3BDBEE-D107-4A84-BE83-622A88C126BA}"
EndProject
Project("{FAE04EC0-301F-11D3-BF4B-00C04F79EFBC}") = "UnitPlanner.Apis.Main.Tests", "Apis\Main.Tests\UnitPlanner.Apis.Main.Tests.csproj", "{22938586-131E-4B7D-9F4A-9FC05543F6EA}"
EndProject
Project("{2150E333-8FDC-42A3-9474-1A3956D46DE8}") = "Tests", "Tests", "{8D90BB75-173C-4260-BAAC-A7EE2487E528}"
EndProject
Project("{FAE04EC0-301F-11D3-BF4B-00C04F79EFBC}") = "UnitPlanner.Services.Authentication.Tests", "Services\Tests\Authentication.Tests\UnitPlanner.Services.Authentication.Tests.csproj", "{254C8B29-EC1A-4EFD-89FA-19C73D6A5C54}"
EndProject
Project("{FAE04EC0-301F-11D3-BF4B-00C04F79EFBC}") = "UnitPlanner.Services.Capwatch.Tests", "Services\Tests\Capwatch.Tests\UnitPlanner.Services.Capwatch.Tests.csproj", "{78D3A20F-5E6F-45ED-9AC7-0BFECD96ECF2}"
EndProject
Project("{FAE04EC0-301F-11D3-BF4B-00C04F79EFBC}") = "UnitPlanner.Services.Files.Tests", "Services\Tests\Files.Tests\UnitPlanner.Services.Files.Tests.csproj", "{ACEF1423-563D-42DD-A629-29C1BFC9777F}"
EndProject
Project("{FAE04EC0-301F-11D3-BF4B-00C04F79EFBC}") = "UnitPlanner.Services.Graph.Tests", "Services\Tests\Graph.Tests\UnitPlanner.Services.Graph.Tests.csproj", "{B3295F3A-75BF-41C4-99C2-7532F4C0C7CA}"
EndProject
Project("{FAE04EC0-301F-11D3-BF4B-00C04F79EFBC}") = "UnitPlanner.Apis.Main.IntegrationTests", "Apis\Main.IntegrationTests\UnitPlanner.Apis.Main.IntegrationTests.csproj", "{1A029105-A004-4403-8908-C148231C29ED}"
EndProject
Project("{2150E333-8FDC-42A3-9474-1A3956D46DE8}") = "Tests", "Tests", "{146B15A3-A20A-49F6-A91D-0805392196F7}"
EndProject
Project("{FAE04EC0-301F-11D3-BF4B-00C04F79EFBC}") = "UnitPlanner.Tests.Utils", "Tests\Utils\UnitPlanner.Tests.Utils.csproj", "{1EDC04D0-CD94-45B2-8A48-59E88F024542}"
EndProject
Project("{FAE04EC0-301F-11D3-BF4B-00C04F79EFBC}") = "UnitPlanner.Services.HostConfiguration", "Services\HostConfiguration\UnitPlanner.Services.HostConfiguration.csproj", "{9BEB4F43-ED11-47DB-985D-99737127A806}"
EndProject
Project("{FAE04EC0-301F-11D3-BF4B-00C04F79EFBC}") = "UnitPlanner.Services.HostConfiguration.Tests", "Services\Tests\HostConfiguration.Tests\UnitPlanner.Services.HostConfiguration.Tests.csproj", "{54788A8D-0D0E-4DB6-9396-7186E47AD360}"
EndProject
Global
	GlobalSection(SolutionConfigurationPlatforms) = preSolution
		Debug|Any CPU = Debug|Any CPU
		Release|Any CPU = Release|Any CPU
	EndGlobalSection
	GlobalSection(SolutionProperties) = preSolution
		HideSolutionNode = FALSE
	EndGlobalSection
	GlobalSection(ProjectConfigurationPlatforms) = postSolution
		{3771447D-EE9E-4F58-A252-03BD49792C6C}.Debug|Any CPU.ActiveCfg = Debug|Any CPU
		{3771447D-EE9E-4F58-A252-03BD49792C6C}.Debug|Any CPU.Build.0 = Debug|Any CPU
		{3771447D-EE9E-4F58-A252-03BD49792C6C}.Release|Any CPU.ActiveCfg = Release|Any CPU
		{3771447D-EE9E-4F58-A252-03BD49792C6C}.Release|Any CPU.Build.0 = Release|Any CPU
		{63BB3D39-DEE2-4241-BD4E-CE7CCC9F7F11}.Debug|Any CPU.ActiveCfg = Debug|Any CPU
		{63BB3D39-DEE2-4241-BD4E-CE7CCC9F7F11}.Debug|Any CPU.Build.0 = Debug|Any CPU
		{63BB3D39-DEE2-4241-BD4E-CE7CCC9F7F11}.Release|Any CPU.ActiveCfg = Release|Any CPU
		{63BB3D39-DEE2-4241-BD4E-CE7CCC9F7F11}.Release|Any CPU.Build.0 = Release|Any CPU
		{23EF0BAE-B10C-45CA-9EE6-A94A103C19AD}.Debug|Any CPU.ActiveCfg = Debug|Any CPU
		{23EF0BAE-B10C-45CA-9EE6-A94A103C19AD}.Debug|Any CPU.Build.0 = Debug|Any CPU
		{23EF0BAE-B10C-45CA-9EE6-A94A103C19AD}.Release|Any CPU.ActiveCfg = Release|Any CPU
		{23EF0BAE-B10C-45CA-9EE6-A94A103C19AD}.Release|Any CPU.Build.0 = Release|Any CPU
		{CFB3A6BE-E7F7-4CE4-B498-9A4F5EA61B5D}.Debug|Any CPU.ActiveCfg = Debug|Any CPU
		{CFB3A6BE-E7F7-4CE4-B498-9A4F5EA61B5D}.Debug|Any CPU.Build.0 = Debug|Any CPU
		{CFB3A6BE-E7F7-4CE4-B498-9A4F5EA61B5D}.Release|Any CPU.ActiveCfg = Release|Any CPU
		{CFB3A6BE-E7F7-4CE4-B498-9A4F5EA61B5D}.Release|Any CPU.Build.0 = Release|Any CPU
		{519B974C-65A8-436A-A5D8-F57C9E0D4B26}.Debug|Any CPU.ActiveCfg = Debug|Any CPU
		{519B974C-65A8-436A-A5D8-F57C9E0D4B26}.Debug|Any CPU.Build.0 = Debug|Any CPU
		{519B974C-65A8-436A-A5D8-F57C9E0D4B26}.Release|Any CPU.ActiveCfg = Release|Any CPU
		{519B974C-65A8-436A-A5D8-F57C9E0D4B26}.Release|Any CPU.Build.0 = Release|Any CPU
		{4D3BDBEE-D107-4A84-BE83-622A88C126BA}.Debug|Any CPU.ActiveCfg = Debug|Any CPU
		{4D3BDBEE-D107-4A84-BE83-622A88C126BA}.Debug|Any CPU.Build.0 = Debug|Any CPU
		{4D3BDBEE-D107-4A84-BE83-622A88C126BA}.Release|Any CPU.ActiveCfg = Release|Any CPU
		{4D3BDBEE-D107-4A84-BE83-622A88C126BA}.Release|Any CPU.Build.0 = Release|Any CPU
		{22938586-131E-4B7D-9F4A-9FC05543F6EA}.Debug|Any CPU.ActiveCfg = Debug|Any CPU
		{22938586-131E-4B7D-9F4A-9FC05543F6EA}.Debug|Any CPU.Build.0 = Debug|Any CPU
		{22938586-131E-4B7D-9F4A-9FC05543F6EA}.Release|Any CPU.ActiveCfg = Release|Any CPU
		{22938586-131E-4B7D-9F4A-9FC05543F6EA}.Release|Any CPU.Build.0 = Release|Any CPU
		{254C8B29-EC1A-4EFD-89FA-19C73D6A5C54}.Debug|Any CPU.ActiveCfg = Debug|Any CPU
		{254C8B29-EC1A-4EFD-89FA-19C73D6A5C54}.Debug|Any CPU.Build.0 = Debug|Any CPU
		{254C8B29-EC1A-4EFD-89FA-19C73D6A5C54}.Release|Any CPU.ActiveCfg = Release|Any CPU
		{254C8B29-EC1A-4EFD-89FA-19C73D6A5C54}.Release|Any CPU.Build.0 = Release|Any CPU
		{78D3A20F-5E6F-45ED-9AC7-0BFECD96ECF2}.Debug|Any CPU.ActiveCfg = Debug|Any CPU
		{78D3A20F-5E6F-45ED-9AC7-0BFECD96ECF2}.Debug|Any CPU.Build.0 = Debug|Any CPU
		{78D3A20F-5E6F-45ED-9AC7-0BFECD96ECF2}.Release|Any CPU.ActiveCfg = Release|Any CPU
		{78D3A20F-5E6F-45ED-9AC7-0BFECD96ECF2}.Release|Any CPU.Build.0 = Release|Any CPU
		{ACEF1423-563D-42DD-A629-29C1BFC9777F}.Debug|Any CPU.ActiveCfg = Debug|Any CPU
		{ACEF1423-563D-42DD-A629-29C1BFC9777F}.Debug|Any CPU.Build.0 = Debug|Any CPU
		{ACEF1423-563D-42DD-A629-29C1BFC9777F}.Release|Any CPU.ActiveCfg = Release|Any CPU
		{ACEF1423-563D-42DD-A629-29C1BFC9777F}.Release|Any CPU.Build.0 = Release|Any CPU
		{B3295F3A-75BF-41C4-99C2-7532F4C0C7CA}.Debug|Any CPU.ActiveCfg = Debug|Any CPU
		{B3295F3A-75BF-41C4-99C2-7532F4C0C7CA}.Debug|Any CPU.Build.0 = Debug|Any CPU
		{B3295F3A-75BF-41C4-99C2-7532F4C0C7CA}.Release|Any CPU.ActiveCfg = Release|Any CPU
		{B3295F3A-75BF-41C4-99C2-7532F4C0C7CA}.Release|Any CPU.Build.0 = Release|Any CPU
		{1A029105-A004-4403-8908-C148231C29ED}.Debug|Any CPU.ActiveCfg = Debug|Any CPU
		{1A029105-A004-4403-8908-C148231C29ED}.Debug|Any CPU.Build.0 = Debug|Any CPU
		{1A029105-A004-4403-8908-C148231C29ED}.Release|Any CPU.ActiveCfg = Release|Any CPU
		{1A029105-A004-4403-8908-C148231C29ED}.Release|Any CPU.Build.0 = Release|Any CPU
		{1EDC04D0-CD94-45B2-8A48-59E88F024542}.Debug|Any CPU.ActiveCfg = Debug|Any CPU
		{1EDC04D0-CD94-45B2-8A48-59E88F024542}.Debug|Any CPU.Build.0 = Debug|Any CPU
		{1EDC04D0-CD94-45B2-8A48-59E88F024542}.Release|Any CPU.ActiveCfg = Release|Any CPU
		{1EDC04D0-CD94-45B2-8A48-59E88F024542}.Release|Any CPU.Build.0 = Release|Any CPU
		{9BEB4F43-ED11-47DB-985D-99737127A806}.Debug|Any CPU.ActiveCfg = Debug|Any CPU
		{9BEB4F43-ED11-47DB-985D-99737127A806}.Debug|Any CPU.Build.0 = Debug|Any CPU
		{9BEB4F43-ED11-47DB-985D-99737127A806}.Release|Any CPU.ActiveCfg = Release|Any CPU
		{9BEB4F43-ED11-47DB-985D-99737127A806}.Release|Any CPU.Build.0 = Release|Any CPU
		{54788A8D-0D0E-4DB6-9396-7186E47AD360}.Debug|Any CPU.ActiveCfg = Debug|Any CPU
		{54788A8D-0D0E-4DB6-9396-7186E47AD360}.Debug|Any CPU.Build.0 = Debug|Any CPU
		{54788A8D-0D0E-4DB6-9396-7186E47AD360}.Release|Any CPU.ActiveCfg = Release|Any CPU
		{54788A8D-0D0E-4DB6-9396-7186E47AD360}.Release|Any CPU.Build.0 = Release|Any CPU
	EndGlobalSection
	GlobalSection(NestedProjects) = preSolution
		{3771447D-EE9E-4F58-A252-03BD49792C6C} = {AD2DD7B0-C6CC-4438-AABD-676A13FAFC73}
		{63BB3D39-DEE2-4241-BD4E-CE7CCC9F7F11} = {36570363-0F76-477C-B735-183DD80AB3C5}
		{23EF0BAE-B10C-45CA-9EE6-A94A103C19AD} = {36570363-0F76-477C-B735-183DD80AB3C5}
		{CFB3A6BE-E7F7-4CE4-B498-9A4F5EA61B5D} = {36570363-0F76-477C-B735-183DD80AB3C5}
		{519B974C-65A8-436A-A5D8-F57C9E0D4B26} = {36570363-0F76-477C-B735-183DD80AB3C5}
		{4D3BDBEE-D107-4A84-BE83-622A88C126BA} = {9A6FE241-F862-4612-AB72-6EAF56110AE7}
		{22938586-131E-4B7D-9F4A-9FC05543F6EA} = {AD2DD7B0-C6CC-4438-AABD-676A13FAFC73}
		{8D90BB75-173C-4260-BAAC-A7EE2487E528} = {36570363-0F76-477C-B735-183DD80AB3C5}
		{254C8B29-EC1A-4EFD-89FA-19C73D6A5C54} = {8D90BB75-173C-4260-BAAC-A7EE2487E528}
		{78D3A20F-5E6F-45ED-9AC7-0BFECD96ECF2} = {8D90BB75-173C-4260-BAAC-A7EE2487E528}
		{ACEF1423-563D-42DD-A629-29C1BFC9777F} = {8D90BB75-173C-4260-BAAC-A7EE2487E528}
		{B3295F3A-75BF-41C4-99C2-7532F4C0C7CA} = {8D90BB75-173C-4260-BAAC-A7EE2487E528}
		{1A029105-A004-4403-8908-C148231C29ED} = {AD2DD7B0-C6CC-4438-AABD-676A13FAFC73}
		{1EDC04D0-CD94-45B2-8A48-59E88F024542} = {146B15A3-A20A-49F6-A91D-0805392196F7}
		{9BEB4F43-ED11-47DB-985D-99737127A806} = {36570363-0F76-477C-B735-183DD80AB3C5}
		{54788A8D-0D0E-4DB6-9396-7186E47AD360} = {8D90BB75-173C-4260-BAAC-A7EE2487E528}
	EndGlobalSection
EndGlobal
